darlinggo.co/trout v1.0.1 h1:tFWbzKwBrD+38p2OlhBpqBPtB6KIRlh8ddXk5u3vyRw=
darlinggo.co/trout v1.0.1/go.mod h1:4yu6HnuPMhLOBMdf5NrKz9IQ1npg335LHG0+bmNRNQk=
github.com/coreos/go-oidc v2.0.0+incompatible h1:+RStIopZ8wooMx+Vs5Bt8zMXxV1ABl5LbakNExNmZIg=
github.com/coreos/go-oidc v2.0.0+incompatible/go.mod h1:CgnwVTmzoESiwO9qyAFEMiHoZ1nMCKZlZ9V6mm3/LKc=
github.com/davecgh/go-spew v1.1.1 h1:vj9j/u1bqnvCEfJOwUhtlOARqs3+rkHYY13jYWTU97c=
github.com/davecgh/go-spew v1.1.1/go.mod h1:J7Y8YcW2NihsgmVo/mv3lAwl/skON4iLHjSsI+c5H38=
github.com/dgrijalva/jwt-go v3.2.0+incompatible h1:7qlOGliEKZXTDg6OTjfoBKDXWrumCAMpl/TFQ4/5kLM=
github.com/dgrijalva/jwt-go v3.2.0+incompatible/go.mod h1:E3ru+11k8xSBh+hMPgOLZmtrrCbhqsmaPHjLKYnJCaQ=
github.com/golang/protobuf v1.2.0 h1:P3YflyNX/ehuJFLhxviNdFxQPkGK5cDcApsge1SqnvM=
github.com/golang/protobuf v1.2.0/go.mod h1:6lQm79b+lXiMfvg/cZm0SGofjICqVBUtrP5yJMmIC1U=
github.com/hashicorp/go-uuid v1.0.0 h1:RS8zrF7PhGwyNPOtxSClXXj9HA8feRnJzgnI1RJCSnM=
github.com/hashicorp/go-uuid v1.0.0/go.mod h1:6SBZvOh/SIDV7/2o3Jml5SYk/TvGqwFJ/bN7x4byOro=
github.com/pmezard/go-difflib v1.0.0 h1:4DBwDE0NGyQoBHbLQYPwSUPoCMWR5BEzIk/f1lZbAQM=
github.com/pmezard/go-difflib v1.0.0/go.mod h1:iKH77koFhYxTK1pcRnkKkqfTogsbg7gZNVY4sRDYZ/4=
github.com/pquerna/cachecontrol v0.0.0-20180517163645-1555304b9b35 h1:J9b7z+QKAmPf4YLrFg6oQUotqHQeUNWwkvo7jZp1GLU=
github.com/pquerna/cachecontrol v0.0.0-20180517163645-1555304b9b35/go.mod h1:prYjPmNq4d1NPVmpShWobRqXY3q7Vp+80DqgxxUrUIA=
github.com/stretchr/testify v1.2.2 h1:bSDNvY7ZPG5RlJ8otE/7V6gMiyenm9RtJ7IUVIAoJ1w=
github.com/stretchr/testify v1.2.2/go.mod h1:a8OnRcib4nhh0OaRAV+Yts87kKdq0PP7pXfy6kDkUVs=
golang.org/x/crypto v0.0.0-20180904163835-0709b304e793 h1:u+LnwYTOOW7Ukr/fppxEb1Nwz0AtPflrblfvUudpo+I=
golang.org/x/crypto v0.0.0-20180904163835-0709b304e793/go.mod h1:6SG95UA2DQfeDnfUPMdvaQW0Q7yPrPDi9nlGo2tz2b4=
golang.org/x/net v0.0.0-20180906233101-161cd47e91fd h1:nTDtHvHSdCn1m6ITfMRqtOd/9+7a3s8RBNOZ3eYZzJA=
golang.org/x/net v0.0.0-20180906233101-161cd47e91fd/go.mod h1:mL1N/T3taQHkDXs73rZJwtUhF3w3ftmwwsq0BUmARs4=
golang.org/x/oauth2 v0.0.0-20180821212333-d2e6202438be h1:vEDujvNQGv4jgYKudGeI/+DAX4Jffq6hpD55MmoEvKs=
golang.org/x/oauth2 v0.0.0-20180821212333-d2e6202438be/go.mod h1:N/0e6XlmueqKjAGxoOufVs8QHGRruUQn6yWY3a++T0U=
golang.org/x/sync v0.0.0-20180314180146-1d60e4601c6f h1:wMNYb4v58l5UBM7MYRLPG6ZhfOqbKu7X5eyFl8ZhKvA=
golang.org/x/sync v0.0.0-20180314180146-1d60e4601c6f/go.mod h1:RxMgew5VJxzue5/jJTE5uejpjVlOe/izrB70Jof72aM=
google.golang.org/appengine v1.1.0 h1:igQkv0AAhEIvTEpD5LIpAfav2eeVO9HBTjvKHVJPRSs=
google.golang.org/appengine v1.1.0/go.mod h1:EbEs0AVv82hx2wNQdGPgUI5lhzA/G0D9YwlJXL52JkM=
gopkg.in/square/go-jose.v2 v2.1.8 h1:yECBkTX7ypNaRFILw4trAAYXRLvcGxTeHCBKj/fc8gU=
gopkg.in/square/go-jose.v2 v2.1.8/go.mod h1:M9dMgbHiYLoDGQrXy7OpJDJWiKiU//h+vD76mk0e1AI=
impractical.co/auth/accounts v0.0.0-20180701060203-874d2d589c29 h1:ZzJBxAbXmJDLuz7ESSeOhVlvBt4rgHP9lFzoAWyU2ec=
impractical.co/auth/accounts v0.0.0-20180701060203-874d2d589c29/go.mod h1:kDVH9otrH3pbLAvYOFtx9DjIjywYfVH+6EO/w9DgMNE=
impractical.co/auth/grants v0.0.0-20180617192114-1b858b9e5971 h1:8EOEPDYdIK50SYxcdXLTHcdeOxsPfIvekEUlI3pCWqE=
impractical.co/auth/grants v0.0.0-20180617192114-1b858b9e5971/go.mod h1:v6XuI3oHdu6oznr7bwmz3ylQIJzMAcR+nmDgy+D9UL4=
impractical.co/auth/scopes v0.0.0-20180617194958-0b8b4b77b453 h1:qFciQ/oP1hh6h0wfyu/BTRXiqrvesC9LeBMg3T+wnzw=
impractical.co/auth/scopes v0.0.0-20180617194958-0b8b4b77b453/go.mod h1:bmaiktw5ZKyGdYa1MwUBRUBhzpPpRx/6vdTeHWdvSDI=
impractical.co/auth/sessions v0.0.0-20180908101947-9cd90b17e6bd h1:/vdAUpAAgPltCNkCDzS5AI5/yyuON/AwyRS9+ZvrtC0=
impractical.co/auth/sessions v0.0.0-20180908101947-9cd90b17e6bd/go.mod h1:2o69jlS21uvOk4tIncTZGq1ogGq1n1Hr6nNtP1ekc/g=
impractical.co/auth/tokens v0.0.0-20180617060815-aed3199cf42b h1:vDfLT7vjhRpeIsEqyX+R7ecE6lOLLU50lMQ1jO235a4=
impractical.co/auth/tokens v0.0.0-20180617060815-aed3199cf42b/go.mod h1:Je/eXrUuFeMjq2LeTn5QjGbJhQejqmDeXQsDdlpg+yI=
impractical.co/googleid v0.0.0-20180421125353-619eaa45b09b h1:Na8LTol0qbLrt0uT+lGl5lE2A/ms6llhe2zO0MQBmc4=
impractical.co/googleid v0.0.0-20180421125353-619eaa45b09b/go.mod h1:iJDjb13GtrS3Q8xgv6QSdA1mdCExvP+ihCmflaOI5iU=
impractical.co/pqarrays v0.0.0-20170820231347-970404683d98 h1:teANHG86QISPH8eGHJ0NGjaxKp5GnW9Y3cZdu/kdaZM=
impractical.co/pqarrays v0.0.0-20170820231347-970404683d98/go.mod h1:LvseckuvU0LSgtmDKHlmfnK/ebwBk6KLMD01X4N2QMw=
yall.in v0.0.1 h1:oQkgnFIY1GmRmWLXjat+Lt8KE/yD3PbEYP7lt71utpo=
yall.in v0.0.1/go.mod h1:sihZtLjLdINMcMiqCZ6juYVK9XuWt1RaMwGnwGlK1ag=
